
Microsoft Visual Studio Solution File, Format Version 12.00
# Visual Studio Version 17
VisualStudioVersion = 17.9.34607.119
MinimumVisualStudioVersion = 10.0.40219.1
Project("{9A19103F-16F7-4668-BE54-9A1E7A4F7556}") = "Forum.Web", "Forum.Web\Forum.Web.csproj", "{FFB25FC7-79E0-4FEC-866A-EA4950E4D2DB}"
EndProject
Project("{2150E333-8FDC-42A3-9474-1A3956D46DE8}") = "src", "src", "{9332F55B-7532-4B6C-AA48-67DB89AA4461}"
	ProjectSection(SolutionItems) = preProject
		.editorconfig = .editorconfig
	EndProjectSection
EndProject
Project("{2150E333-8FDC-42A3-9474-1A3956D46DE8}") = "Presentation", "Presentation", "{CE37BA97-EA4B-4B1D-B6EE-D75B6C77C6E1}"
EndProject
Project("{2150E333-8FDC-42A3-9474-1A3956D46DE8}") = "Core", "Core", "{1E6EAC86-63C3-418C-AA2E-3785DD39C533}"
EndProject
Project("{2150E333-8FDC-42A3-9474-1A3956D46DE8}") = "Infrastructure", "Infrastructure", "{95248F89-99C1-4238-89EA-EBBC88FCB5AC}"
EndProject
Project("{9A19103F-16F7-4668-BE54-9A1E7A4F7556}") = "Forum.Application", "Forum.Application\Forum.Application.csproj", "{0E054BB6-B2D3-4427-9F18-F1345B9FEE73}"
EndProject
Project("{9A19103F-16F7-4668-BE54-9A1E7A4F7556}") = "Forum.Domain", "Forum.Domain\Forum.Domain.csproj", "{BB4DED07-A202-4468-A155-FC5150299E81}"
EndProject
Project("{9A19103F-16F7-4668-BE54-9A1E7A4F7556}") = "Forum.Persistance", "Forum.Persistance\Forum.Persistance.csproj", "{72005FF9-6DC5-47C4-883C-1C2F321ED6B7}"
EndProject
Project("{9A19103F-16F7-4668-BE54-9A1E7A4F7556}") = "Forum.Api", "Forum.Api\Forum.Api.csproj", "{54DE67E0-B8CD-4592-B844-9C9CE2A227DD}"
EndProject
Project("{9A19103F-16F7-4668-BE54-9A1E7A4F7556}") = "Forum.Infrastructure", "Forum.Infrastructure\Forum.Infrastructure.csproj", "{F6F7472D-A2A5-47C3-A4E4-8A2F42A9ABC3}"
EndProject
Project("{9A19103F-16F7-4668-BE54-9A1E7A4F7556}") = "Forum.Workers", "Forum.Workers\Forum.Workers.csproj", "{D0E420A5-8EA9-4E25-BDF0-459D6B1BC442}"
EndProject
Project("{2150E333-8FDC-42A3-9474-1A3956D46DE8}") = "Common", "Common", "{28C94C19-4A5B-43CB-95C5-592FBBA8BF8A}"
EndProject
Project("{9A19103F-16F7-4668-BE54-9A1E7A4F7556}") = "Forum.Common", "Forum.Common\Forum.Common.csproj", "{17D1DB89-F989-4D74-9422-1F18BCA99FEC}"
EndProject
Project("{2150E333-8FDC-42A3-9474-1A3956D46DE8}") = "tests", "tests", "{190B78A7-07A1-4E9C-8201-73C383EAEC91}"
EndProject
Project("{FAE04EC0-301F-11D3-BF4B-00C04F79EFBC}") = "Forum.Tests.Unit", "Forum.Tests.Unit\Forum.Tests.Unit.csproj", "{F3E3C485-5575-4AC8-B60F-CEEBBB57A329}"
EndProject
Global
	GlobalSection(SolutionConfigurationPlatforms) = preSolution
		Debug|Any CPU = Debug|Any CPU
		Release|Any CPU = Release|Any CPU
	EndGlobalSection
	GlobalSection(ProjectConfigurationPlatforms) = postSolution
		{FFB25FC7-79E0-4FEC-866A-EA4950E4D2DB}.Debug|Any CPU.ActiveCfg = Debug|Any CPU
		{FFB25FC7-79E0-4FEC-866A-EA4950E4D2DB}.Debug|Any CPU.Build.0 = Debug|Any CPU
		{FFB25FC7-79E0-4FEC-866A-EA4950E4D2DB}.Release|Any CPU.ActiveCfg = Release|Any CPU
		{FFB25FC7-79E0-4FEC-866A-EA4950E4D2DB}.Release|Any CPU.Build.0 = Release|Any CPU
		{0E054BB6-B2D3-4427-9F18-F1345B9FEE73}.Debug|Any CPU.ActiveCfg = Debug|Any CPU
		{0E054BB6-B2D3-4427-9F18-F1345B9FEE73}.Debug|Any CPU.Build.0 = Debug|Any CPU
		{0E054BB6-B2D3-4427-9F18-F1345B9FEE73}.Release|Any CPU.ActiveCfg = Release|Any CPU
		{0E054BB6-B2D3-4427-9F18-F1345B9FEE73}.Release|Any CPU.Build.0 = Release|Any CPU
		{BB4DED07-A202-4468-A155-FC5150299E81}.Debug|Any CPU.ActiveCfg = Debug|Any CPU
		{BB4DED07-A202-4468-A155-FC5150299E81}.Debug|Any CPU.Build.0 = Debug|Any CPU
		{BB4DED07-A202-4468-A155-FC5150299E81}.Release|Any CPU.ActiveCfg = Release|Any CPU
		{BB4DED07-A202-4468-A155-FC5150299E81}.Release|Any CPU.Build.0 = Release|Any CPU
		{72005FF9-6DC5-47C4-883C-1C2F321ED6B7}.Debug|Any CPU.ActiveCfg = Debug|Any CPU
		{72005FF9-6DC5-47C4-883C-1C2F321ED6B7}.Debug|Any CPU.Build.0 = Debug|Any CPU
		{72005FF9-6DC5-47C4-883C-1C2F321ED6B7}.Release|Any CPU.ActiveCfg = Release|Any CPU
		{72005FF9-6DC5-47C4-883C-1C2F321ED6B7}.Release|Any CPU.Build.0 = Release|Any CPU
		{54DE67E0-B8CD-4592-B844-9C9CE2A227DD}.Debug|Any CPU.ActiveCfg = Debug|Any CPU
		{54DE67E0-B8CD-4592-B844-9C9CE2A227DD}.Debug|Any CPU.Build.0 = Debug|Any CPU
		{54DE67E0-B8CD-4592-B844-9C9CE2A227DD}.Release|Any CPU.ActiveCfg = Release|Any CPU
		{54DE67E0-B8CD-4592-B844-9C9CE2A227DD}.Release|Any CPU.Build.0 = Release|Any CPU
		{F6F7472D-A2A5-47C3-A4E4-8A2F42A9ABC3}.Debug|Any CPU.ActiveCfg = Debug|Any CPU
		{F6F7472D-A2A5-47C3-A4E4-8A2F42A9ABC3}.Debug|Any CPU.Build.0 = Debug|Any CPU
		{F6F7472D-A2A5-47C3-A4E4-8A2F42A9ABC3}.Release|Any CPU.ActiveCfg = Release|Any CPU
		{F6F7472D-A2A5-47C3-A4E4-8A2F42A9ABC3}.Release|Any CPU.Build.0 = Release|Any CPU
		{D0E420A5-8EA9-4E25-BDF0-459D6B1BC442}.Debug|Any CPU.ActiveCfg = Debug|Any CPU
		{D0E420A5-8EA9-4E25-BDF0-459D6B1BC442}.Debug|Any CPU.Build.0 = Debug|Any CPU
		{D0E420A5-8EA9-4E25-BDF0-459D6B1BC442}.Release|Any CPU.ActiveCfg = Release|Any CPU
		{D0E420A5-8EA9-4E25-BDF0-459D6B1BC442}.Release|Any CPU.Build.0 = Release|Any CPU
		{17D1DB89-F989-4D74-9422-1F18BCA99FEC}.Debug|Any CPU.ActiveCfg = Debug|Any CPU
		{17D1DB89-F989-4D74-9422-1F18BCA99FEC}.Debug|Any CPU.Build.0 = Debug|Any CPU
		{17D1DB89-F989-4D74-9422-1F18BCA99FEC}.Release|Any CPU.ActiveCfg = Release|Any CPU
		{17D1DB89-F989-4D74-9422-1F18BCA99FEC}.Release|Any CPU.Build.0 = Release|Any CPU
		{F3E3C485-5575-4AC8-B60F-CEEBBB57A329}.Debug|Any CPU.ActiveCfg = Debug|Any CPU
		{F3E3C485-5575-4AC8-B60F-CEEBBB57A329}.Debug|Any CPU.Build.0 = Debug|Any CPU
		{F3E3C485-5575-4AC8-B60F-CEEBBB57A329}.Release|Any CPU.ActiveCfg = Release|Any CPU
		{F3E3C485-5575-4AC8-B60F-CEEBBB57A329}.Release|Any CPU.Build.0 = Release|Any CPU
	EndGlobalSection
	GlobalSection(SolutionProperties) = preSolution
		HideSolutionNode = FALSE
	EndGlobalSection
	GlobalSection(NestedProjects) = preSolution
		{FFB25FC7-79E0-4FEC-866A-EA4950E4D2DB} = {CE37BA97-EA4B-4B1D-B6EE-D75B6C77C6E1}
		{CE37BA97-EA4B-4B1D-B6EE-D75B6C77C6E1} = {9332F55B-7532-4B6C-AA48-67DB89AA4461}
		{1E6EAC86-63C3-418C-AA2E-3785DD39C533} = {9332F55B-7532-4B6C-AA48-67DB89AA4461}
		{95248F89-99C1-4238-89EA-EBBC88FCB5AC} = {9332F55B-7532-4B6C-AA48-67DB89AA4461}
		{0E054BB6-B2D3-4427-9F18-F1345B9FEE73} = {1E6EAC86-63C3-418C-AA2E-3785DD39C533}
		{BB4DED07-A202-4468-A155-FC5150299E81} = {1E6EAC86-63C3-418C-AA2E-3785DD39C533}
		{72005FF9-6DC5-47C4-883C-1C2F321ED6B7} = {95248F89-99C1-4238-89EA-EBBC88FCB5AC}
		{54DE67E0-B8CD-4592-B844-9C9CE2A227DD} = {CE37BA97-EA4B-4B1D-B6EE-D75B6C77C6E1}
		{F6F7472D-A2A5-47C3-A4E4-8A2F42A9ABC3} = {95248F89-99C1-4238-89EA-EBBC88FCB5AC}
		{D0E420A5-8EA9-4E25-BDF0-459D6B1BC442} = {95248F89-99C1-4238-89EA-EBBC88FCB5AC}
		{28C94C19-4A5B-43CB-95C5-592FBBA8BF8A} = {9332F55B-7532-4B6C-AA48-67DB89AA4461}
		{17D1DB89-F989-4D74-9422-1F18BCA99FEC} = {28C94C19-4A5B-43CB-95C5-592FBBA8BF8A}
		{F3E3C485-5575-4AC8-B60F-CEEBBB57A329} = {190B78A7-07A1-4E9C-8201-73C383EAEC91}
	EndGlobalSection
	GlobalSection(ExtensibilityGlobals) = postSolution
		SolutionGuid = {CD935EC7-4EBA-4DD7-A75D-626F26A3F50D}
	EndGlobalSection
EndGlobal
